
Microsoft Visual Studio Solution File, Format Version 12.00
# Visual Studio 15
VisualStudioVersion = 15.0.27130.2010
MinimumVisualStudioVersion = 10.0.40219.1
Project("{E24C65DC-7377-472B-9ABA-BC803B73C61A}") = "Fifteen_Web_8_HttpTaskAsyncHandler", "Fifteen_Web_8_HttpTaskAsyncHandler\", "{40120C7E-F089-40DF-B5A4-B9A5B27B2F40}"
	ProjectSection(WebsiteProperties) = preProject
		TargetFrameworkMoniker = ".NETFramework,Version%3Dv4.6.1"
		Debug.AspNetCompiler.VirtualPath = "/localhost_55836"
		Debug.AspNetCompiler.PhysicalPath = "Fifteen_Web_8_HttpTaskAsyncHandler\"
		Debug.AspNetCompiler.TargetPath = "PrecompiledWeb\localhost_55836\"
		Debug.AspNetCompiler.Updateable = "true"
		Debug.AspNetCompiler.ForceOverwrite = "true"
		Debug.AspNetCompiler.FixedNames = "false"
		Debug.AspNetCompiler.Debug = "True"
		Release.AspNetCompiler.VirtualPath = "/localhost_55836"
		Release.AspNetCompiler.PhysicalPath = "Fifteen_Web_8_HttpTaskAsyncHandler\"
		Release.AspNetCompiler.TargetPath = "PrecompiledWeb\localhost_55836\"
		Release.AspNetCompiler.Updateable = "true"
		Release.AspNetCompiler.ForceOverwrite = "true"
		Release.AspNetCompiler.FixedNames = "false"
		Release.AspNetCompiler.Debug = "False"
		VWDPort = "55836"
		SlnRelativePath = "Fifteen_Web_8_HttpTaskAsyncHandler\"
		DefaultWebSiteLanguage = "Visual C#"
	EndProjectSection
EndProject
Global
	GlobalSection(SolutionConfigurationPlatforms) = preSolution
		Debug|Any CPU = Debug|Any CPU
	EndGlobalSection
	GlobalSection(ProjectConfigurationPlatforms) = postSolution
		{40120C7E-F089-40DF-B5A4-B9A5B27B2F40}.Debug|Any CPU.ActiveCfg = Debug|Any CPU
		{40120C7E-F089-40DF-B5A4-B9A5B27B2F40}.Debug|Any CPU.Build.0 = Debug|Any CPU
	EndGlobalSection
	GlobalSection(SolutionProperties) = preSolution
		HideSolutionNode = FALSE
	EndGlobalSection
	GlobalSection(ExtensibilityGlobals) = postSolution
		SolutionGuid = {B6BCD273-7E20-467E-B28E-4B98FB1F387A}
	EndGlobalSection
EndGlobal
